
Microsoft Visual Studio Solution File, Format Version 12.00
# Visual Studio Version 17
VisualStudioVersion = 17.2.32630.192
MinimumVisualStudioVersion = 10.0.40219.1
Project("{F184B08F-C81C-45F6-A57F-5ABD9991F28F}") = "S218026867_P06", "S218026867_P06\S218026867_P06.vbproj", "{623D062A-564A-4F27-B68D-21F4CC931555}"
EndProject
Global
	GlobalSection(SolutionConfigurationPlatforms) = preSolution
		Debug|Any CPU = Debug|Any CPU
		Release|Any CPU = Release|Any CPU
	EndGlobalSection
	GlobalSection(ProjectConfigurationPlatforms) = postSolution
		{623D062A-564A-4F27-B68D-21F4CC931555}.Debug|Any CPU.ActiveCfg = Debug|Any CPU
		{623D062A-564A-4F27-B68D-21F4CC931555}.Debug|Any CPU.Build.0 = Debug|Any CPU
		{623D062A-564A-4F27-B68D-21F4CC931555}.Release|Any CPU.ActiveCfg = Release|Any CPU
		{623D062A-564A-4F27-B68D-21F4CC931555}.Release|Any CPU.Build.0 = Release|Any CPU
	EndGlobalSection
	GlobalSection(SolutionProperties) = preSolution
		HideSolutionNode = FALSE
	EndGlobalSection
	GlobalSection(ExtensibilityGlobals) = postSolution
		SolutionGuid = {94A82288-E0EF-43AB-BA4C-4FDE6CA37D31}
	EndGlobalSection
EndGlobal
